
Microsoft Visual Studio Solution File, Format Version 12.00
# Visual Studio 14
VisualStudioVersion = 14.0.22823.1
MinimumVisualStudioVersion = 10.0.40219.1
Project("{2150E333-8FDC-42A3-9474-1A3956D46DE8}") = "src", "src", "{18A18EC7-DC5A-4D36-9FC6-6D05015D06A8}"
EndProject
Project("{2150E333-8FDC-42A3-9474-1A3956D46DE8}") = "Solution Items", "Solution Items", "{6E835369-7959-4568-8C92-11B4DC14C69F}"
	ProjectSection(SolutionItems) = preProject
		global.json = global.json
	EndProjectSection
EndProject
Project("{8BB2217D-0F2D-49D1-97BC-3654ED321F3B}") = "AngularApp.Web", "src\AngularApp.Web\AngularApp.Web.xproj", "{8376C0C3-7B9F-48F6-A860-6270FB31C1A1}"
EndProject
Project("{8BB2217D-0F2D-49D1-97BC-3654ED321F3B}") = "AngularApp.Tests", "src\AngularApp.Tests\AngularApp.Tests.xproj", "{1284278B-4776-4507-A148-59BA9271B53F}"
EndProject
Project("{2150E333-8FDC-42A3-9474-1A3956D46DE8}") = "test", "test", "{15F2D80F-8154-40BE-B24A-1AE82C1930AD}"
EndProject
Project("{8BB2217D-0F2D-49D1-97BC-3654ED321F3B}") = "AngularApp.Domain", "src\AngularApp.Domain\AngularApp.Domain.xproj", "{11E38F74-CCC4-4304-81E9-9741F9D088CD}"
EndProject
Project("{8BB2217D-0F2D-49D1-97BC-3654ED321F3B}") = "AngularApp.Service", "src\AngularApp.Service\AngularApp.Service.xproj", "{2694C7DF-41B6-41D7-AAA4-F4C3292C60A8}"
EndProject
Project("{8BB2217D-0F2D-49D1-97BC-3654ED321F3B}") = "AngularApp.IdentityServer", "src\AngularApp.IdentityServer\AngularApp.IdentityServer.xproj", "{DC47F75A-36E4-44DB-B741-FF6E96826745}"
EndProject
Global
	GlobalSection(SolutionConfigurationPlatforms) = preSolution
		Debug|Any CPU = Debug|Any CPU
		Release|Any CPU = Release|Any CPU
	EndGlobalSection
	GlobalSection(ProjectConfigurationPlatforms) = postSolution
		{8376C0C3-7B9F-48F6-A860-6270FB31C1A1}.Debug|Any CPU.ActiveCfg = Debug|Any CPU
		{8376C0C3-7B9F-48F6-A860-6270FB31C1A1}.Debug|Any CPU.Build.0 = Debug|Any CPU
		{8376C0C3-7B9F-48F6-A860-6270FB31C1A1}.Release|Any CPU.ActiveCfg = Release|Any CPU
		{8376C0C3-7B9F-48F6-A860-6270FB31C1A1}.Release|Any CPU.Build.0 = Release|Any CPU
		{1284278B-4776-4507-A148-59BA9271B53F}.Debug|Any CPU.ActiveCfg = Debug|Any CPU
		{1284278B-4776-4507-A148-59BA9271B53F}.Debug|Any CPU.Build.0 = Debug|Any CPU
		{1284278B-4776-4507-A148-59BA9271B53F}.Release|Any CPU.ActiveCfg = Release|Any CPU
		{1284278B-4776-4507-A148-59BA9271B53F}.Release|Any CPU.Build.0 = Release|Any CPU
		{11E38F74-CCC4-4304-81E9-9741F9D088CD}.Debug|Any CPU.ActiveCfg = Debug|Any CPU
		{11E38F74-CCC4-4304-81E9-9741F9D088CD}.Debug|Any CPU.Build.0 = Debug|Any CPU
		{11E38F74-CCC4-4304-81E9-9741F9D088CD}.Release|Any CPU.ActiveCfg = Release|Any CPU
		{11E38F74-CCC4-4304-81E9-9741F9D088CD}.Release|Any CPU.Build.0 = Release|Any CPU
		{2694C7DF-41B6-41D7-AAA4-F4C3292C60A8}.Debug|Any CPU.ActiveCfg = Debug|Any CPU
		{2694C7DF-41B6-41D7-AAA4-F4C3292C60A8}.Debug|Any CPU.Build.0 = Debug|Any CPU
		{2694C7DF-41B6-41D7-AAA4-F4C3292C60A8}.Release|Any CPU.ActiveCfg = Release|Any CPU
		{2694C7DF-41B6-41D7-AAA4-F4C3292C60A8}.Release|Any CPU.Build.0 = Release|Any CPU
		{DC47F75A-36E4-44DB-B741-FF6E96826745}.Debug|Any CPU.ActiveCfg = Debug|Any CPU
		{DC47F75A-36E4-44DB-B741-FF6E96826745}.Debug|Any CPU.Build.0 = Debug|Any CPU
		{DC47F75A-36E4-44DB-B741-FF6E96826745}.Release|Any CPU.ActiveCfg = Release|Any CPU
		{DC47F75A-36E4-44DB-B741-FF6E96826745}.Release|Any CPU.Build.0 = Release|Any CPU
	EndGlobalSection
	GlobalSection(SolutionProperties) = preSolution
		HideSolutionNode = FALSE
	EndGlobalSection
	GlobalSection(NestedProjects) = preSolution
		{8376C0C3-7B9F-48F6-A860-6270FB31C1A1} = {18A18EC7-DC5A-4D36-9FC6-6D05015D06A8}
		{1284278B-4776-4507-A148-59BA9271B53F} = {15F2D80F-8154-40BE-B24A-1AE82C1930AD}
		{11E38F74-CCC4-4304-81E9-9741F9D088CD} = {18A18EC7-DC5A-4D36-9FC6-6D05015D06A8}
		{2694C7DF-41B6-41D7-AAA4-F4C3292C60A8} = {18A18EC7-DC5A-4D36-9FC6-6D05015D06A8}
		{DC47F75A-36E4-44DB-B741-FF6E96826745} = {18A18EC7-DC5A-4D36-9FC6-6D05015D06A8}
	EndGlobalSection
EndGlobal
